
Microsoft Visual Studio Solution File, Format Version 12.00
# Visual Studio Version 16
VisualStudioVersion = 16.0.31911.196
MinimumVisualStudioVersion = 10.0.40219.1
Project("{FAE04EC0-301F-11D3-BF4B-00C04F79EFBC}") = "GameDevelopment", "GameDevelopment\GameDevelopment.csproj", "{4F323306-776F-49EC-947F-7B3DB0D51E8D}"
EndProject
Global
	GlobalSection(SolutionConfigurationPlatforms) = preSolution
		Debug|Any CPU = Debug|Any CPU
		Release|Any CPU = Release|Any CPU
	EndGlobalSection
	GlobalSection(ProjectConfigurationPlatforms) = postSolution
		{4F323306-776F-49EC-947F-7B3DB0D51E8D}.Debug|Any CPU.ActiveCfg = Debug|Any CPU
		{4F323306-776F-49EC-947F-7B3DB0D51E8D}.Debug|Any CPU.Build.0 = Debug|Any CPU
		{4F323306-776F-49EC-947F-7B3DB0D51E8D}.Release|Any CPU.ActiveCfg = Release|Any CPU
		{4F323306-776F-49EC-947F-7B3DB0D51E8D}.Release|Any CPU.Build.0 = Release|Any CPU
	EndGlobalSection
	GlobalSection(SolutionProperties) = preSolution
		HideSolutionNode = FALSE
	EndGlobalSection
	GlobalSection(ExtensibilityGlobals) = postSolution
		SolutionGuid = {FD885A1A-BB95-4B6B-B5E3-A799649A43EA}
	EndGlobalSection
EndGlobal
